# This is an Anaconda project lock file.
# The lock file locks down exact versions of all your dependencies.
#
# In most cases, this file is automatically maintained by the `anaconda-project` command or GUI tools.
# It's best to keep this file in revision control (such as git or svn).
# The file is in YAML format, please see http://www.yaml.org/start.html for more.
#

#
# Set to false to ignore locked versions.
locking_enabled: true



env_specs:
  default:
    locked: true
    env_spec_hash: 5319860fd1e352a768b752116f53d62a7b4e506e
    platforms:
    - linux-64
    - osx-64
    - win-64
    packages:
      all:
      - absl-py=0.1.10=py_0
      - astor=0.6.2=py_0
      - backcall=0.1.0=py_0
      - blas=1.1=openblas
      - bleach=1.5.0=py36_0
      - ca-certificates=2018.4.16=0
      - certifi=2018.4.16=py36_0
      - decorator=4.3.0=py_0
      - entrypoints=0.2.3=py36_1
      - gast=0.2.0=py_0
      - html5lib=0.9999999=py36_0
      - ipykernel=4.8.2=py36_0
      - ipython=6.4.0=py36_0
      - ipython_genutils=0.2.0=py36_0
      - ipywidgets=7.2.1=py36_1
      - jedi=0.12.0=py36_0
      - jinja2=2.10=py36_0
      - jsonschema=2.6.0=py36_1
      - jupyter=1.0.0=py_1
      - jupyter_client=5.2.3=py36_0
      - jupyter_console=5.2.0=py36_0
      - jupyter_core=4.4.0=py_0
      - markdown=2.6.11=py_0
      - markupsafe=1.0=py36_0
      - mistune=0.8.3=py36_1
      - nbconvert=5.3.1=py_1
      - nbformat=4.4.0=py36_0
      - notebook=5.5.0=py36_0
      - numpy=1.14.3=py36_blas_openblas_200
      - pandocfilters=1.4.2=py36_0
      - parso=0.2.0=py_0
      - pickleshare=0.7.4=py36_0
      - pip=9.0.3=py36_0
      - prompt_toolkit=1.0.15=py36_0
      - pygments=2.2.0=py36_0
      - pyqt=5.6.0=py36_5
      - python-dateutil=2.7.3=py_0
      - python=3.6.5=1
      - pyzmq=17.0.0=py36_4
      - qtconsole=4.3.1=py36_0
      - send2trash=1.5.0=py_0
      - setuptools=39.1.0=py36_0
      - simplegeneric=0.8.1=py36_0
      - sip=4.18=py36_1
      - six=1.11.0=py36_1
      - tensorboard=1.8.0=py36_1
      - tensorflow=1.8.0=py36_1
      - termcolor=1.1.0=py36_1
      - terminado=0.8.1=py36_0
      - testpath=0.3.1=py36_0
      - tornado=5.0.2=py36_0
      - traitlets=4.3.2=py36_0
      - wcwidth=0.1.7=py36_0
      - werkzeug=0.14.1=py_0
      - wheel=0.31.0=py36_0
      - widgetsnbextension=3.2.1=py36_0
      unix:
      - icu=58.2=0
      - jpeg=9b=2
      - libiconv=1.15=0
      - libpng=1.6.34=0
      - libprotobuf=3.5.2=0
      - libsodium=1.0.16=0
      - libxml2=2.9.8=0
      - ncurses=5.9=10
      - openblas=0.2.20=7
      - openssl=1.0.2o=0
      - pexpect=4.5.0=py36_0
      - protobuf=3.5.2=py36_0
      - ptyprocess=0.5.2=py36_0
      - readline=7.0=0
      - sqlite=3.20.1=2
      - tk=8.6.7=0
      - xz=5.2.3=0
      - zeromq=4.2.5=1
      - zlib=1.2.11=0
      linux-64:
      - dbus=1.11.0=0
      - expat=2.2.5=0
      - fontconfig=2.12.6=0
      - freetype=2.8.1=0
      - gettext=0.19.8.1=0
      - glib=2.55.0=0
      - gmp=6.1.2=0
      - grpcio=1.11.0=py36hf484d3e_0
      - gst-plugins-base=1.8.0=0
      - gstreamer=1.8.0=1
      - libffi=3.2.1=3
      - libgcc-ng=7.2.0=hdf63c60_3
      - libgcc=7.2.0=h69d50b8_2
      - libgfortran=3.0.0=1
      - libstdcxx-ng=7.2.0=hdf63c60_3
      - libxcb=1.13=0
      - pandoc=2.2.1=0
      - pcre=8.41=1
      - qt=5.6.2=7
      - webencodings=0.5=py36_0
      - xorg-libxau=1.0.8=3
      - xorg-libxdmcp=1.1.2=3
      osx-64:
      - appnope=0.1.0=py36_0
      - clangdev=6.0.0=default_0
      - grpcio=1.11.0=py36hd9629dc_0
      - libcxx=6.0.0=0
      - libgfortran=3.0.0=0
      - llvm-meta=6.0.0=0
      - llvmdev=6.0.0=default_2
      - pandoc=2.2.1=hde52d81_0
      - qt=5.6.2=h9e3eb04_4
      - webencodings=0.5.1=py36_0
      win-64:
      - colorama=0.3.9=py36_0
      - grpcio=1.11.0=py36he025d50_0
      - icu=58.2=vc14_0
      - jpeg=9b=vc14_2
      - libflang=5.0.0=vc14_20180208
      - libpng=1.6.34=vc14_0
      - libprotobuf=3.5.2=vc14_0
      - libsodium=1.0.16=vc14_0
      - llvm-meta=5.0.0=0
      - m2w64-gcc-libgfortran=5.3.0=6
      - m2w64-gcc-libs-core=5.3.0=7
      - m2w64-gcc-libs=5.3.0=7
      - m2w64-gmp=6.1.0=2
      - m2w64-libwinpthread-git=5.0.0.4634.697f757=2
      - msys2-conda-epoch=20160418=1
      - openblas=0.2.20=vc14_7
      - openmp=5.0.0=vc14_1
      - openssl=1.0.2o=vc14_0
      - pandoc=2.2.1=hde52d81_0
      - protobuf=3.5.2=py36_vc14_0
      - pywinpty=0.5=py36_2
      - qt=5.6.2=vc14_1
      - vc=14=0
      - vs2015_runtime=14.0.25420=0
      - webencodings=0.5.1=py36_0
      - wincertstore=0.2=py36_0
      - winpty=0.4.3=vc14_2
      - zeromq=4.2.5=vc14_1
      - zlib=1.2.11=vc14_0
  gpu:
    locked: true
    env_spec_hash: a3fda05c16bf616b0f7e5c72328e733393f47e41
    platforms:
    - linux-64
    - win-64
    packages:
      all:
      - absl-py=0.1.10=py_0
      - astor=0.6.2=py_0
      - backcall=0.1.0=py_0
      - blas=1.1=openblas
      - bleach=1.5.0=py36_0
      - ca-certificates=2018.4.16=0
      - certifi=2018.4.16=py36_0
      - decorator=4.3.0=py_0
      - entrypoints=0.2.3=py36_1
      - gast=0.2.0=py_0
      - html5lib=0.9999999=py36_0
      - ipykernel=4.8.2=py36_0
      - ipython=6.4.0=py36_0
      - ipython_genutils=0.2.0=py36_0
      - ipywidgets=7.2.1=py36_1
      - jedi=0.12.0=py36_0
      - jinja2=2.10=py36_0
      - jsonschema=2.6.0=py36_1
      - jupyter=1.0.0=py_1
      - jupyter_client=5.2.3=py36_0
      - jupyter_console=5.2.0=py36_0
      - jupyter_core=4.4.0=py_0
      - markdown=2.6.11=py_0
      - markupsafe=1.0=py36_0
      - mistune=0.8.3=py36_1
      - nbconvert=5.3.1=py_1
      - nbformat=4.4.0=py36_0
      - notebook=5.5.0=py36_0
      - numpy=1.14.3=py36_blas_openblas_200
      - pandocfilters=1.4.2=py36_0
      - parso=0.2.0=py_0
      - pickleshare=0.7.4=py36_0
      - pip=9.0.3=py36_0
      - prompt_toolkit=1.0.15=py36_0
      - pygments=2.2.0=py36_0
      - pyqt=5.6.0=py36_5
      - python-dateutil=2.7.3=py_0
      - python=3.6.5=1
      - pyzmq=17.0.0=py36_4
      - qtconsole=4.3.1=py36_0
      - send2trash=1.5.0=py_0
      - setuptools=39.1.0=py36_0
      - simplegeneric=0.8.1=py36_0
      - sip=4.18=py36_1
      - six=1.11.0=py36_1
      - tensorboard=1.8.0=py36_1
      - tensorflow-gpu=1.8.0=py36_0
      - tensorflow=1.8.0=py36_1
      - termcolor=1.1.0=py36_1
      - terminado=0.8.1=py36_0
      - testpath=0.3.1=py36_0
      - tornado=5.0.2=py36_0
      - traitlets=4.3.2=py36_0
      - wcwidth=0.1.7=py36_0
      - werkzeug=0.14.1=py_0
      - wheel=0.31.0=py36_0
      - widgetsnbextension=3.2.1=py36_0
      linux-64:
      - dbus=1.11.0=0
      - expat=2.2.5=0
      - fontconfig=2.12.6=0
      - freetype=2.8.1=0
      - gettext=0.19.8.1=0
      - glib=2.55.0=0
      - gmp=6.1.2=0
      - grpcio=1.11.0=py36hf484d3e_0
      - gst-plugins-base=1.8.0=0
      - gstreamer=1.8.0=1
      - icu=58.2=0
      - jpeg=9b=2
      - libffi=3.2.1=3
      - libgcc-ng=7.2.0=hdf63c60_3
      - libgcc=7.2.0=h69d50b8_2
      - libgfortran=3.0.0=1
      - libiconv=1.15=0
      - libpng=1.6.34=0
      - libprotobuf=3.5.2=0
      - libsodium=1.0.16=0
      - libstdcxx-ng=7.2.0=hdf63c60_3
      - libxcb=1.13=0
      - libxml2=2.9.8=0
      - ncurses=5.9=10
      - openblas=0.2.20=7
      - openssl=1.0.2o=0
      - pandoc=2.2.1=0
      - pcre=8.41=1
      - pexpect=4.5.0=py36_0
      - protobuf=3.5.2=py36_0
      - ptyprocess=0.5.2=py36_0
      - qt=5.6.2=7
      - readline=7.0=0
      - sqlite=3.20.1=2
      - tk=8.6.7=0
      - webencodings=0.5=py36_0
      - xorg-libxau=1.0.8=3
      - xorg-libxdmcp=1.1.2=3
      - xz=5.2.3=0
      - zeromq=4.2.5=1
      - zlib=1.2.11=0
      win-64:
      - colorama=0.3.9=py36_0
      - grpcio=1.11.0=py36he025d50_0
      - icu=58.2=vc14_0
      - jpeg=9b=vc14_2
      - libflang=5.0.0=vc14_20180208
      - libpng=1.6.34=vc14_0
      - libprotobuf=3.5.2=vc14_0
      - libsodium=1.0.16=vc14_0
      - llvm-meta=5.0.0=0
      - m2w64-gcc-libgfortran=5.3.0=6
      - m2w64-gcc-libs-core=5.3.0=7
      - m2w64-gcc-libs=5.3.0=7
      - m2w64-gmp=6.1.0=2
      - m2w64-libwinpthread-git=5.0.0.4634.697f757=2
      - msys2-conda-epoch=20160418=1
      - openblas=0.2.20=vc14_7
      - openmp=5.0.0=vc14_1
      - openssl=1.0.2o=vc14_0
      - pandoc=2.2.1=hde52d81_0
      - protobuf=3.5.2=py36_vc14_0
      - pywinpty=0.5=py36_2
      - qt=5.6.2=vc14_1
      - vc=14=0
      - vs2015_runtime=14.0.25420=0
      - webencodings=0.5.1=py36_0
      - wincertstore=0.2=py36_0
      - winpty=0.4.3=vc14_2
      - zeromq=4.2.5=vc14_1
      - zlib=1.2.11=vc14_0
