# This is an Anaconda project lock file.
# The lock file locks down exact versions of all your dependencies.
#
# In most cases, this file is automatically maintained by the `anaconda-project` command or GUI tools.
# It's best to keep this file in revision control (such as git or svn).
# The file is in YAML format, please see http://www.yaml.org/start.html for more.
#

#
# Set to false to ignore locked versions.
locking_enabled: true



#
# A key goes in here for each env spec.
#
env_specs:
  default:
    locked: true
    env_spec_hash: 4cfcddf6f1856f4c448245b81a29a1099c5c4bfc
    platforms:
    - linux-64
    - osx-64
    packages:
      unix:
      - backcall=0.1.0=py_0
      - bleach=2.1.3=py_0
      - ca-certificates=2018.4.16=0
      - certifi=2018.4.16=py36_0
      - cffi=1.11.5=py36_0
      - decorator=4.3.0=py_0
      - entrypoints=0.2.3=py36_1
      - html5lib=1.0.1=py_0
      - icu=58.2=0
      - intel-openmp=2018.0.3=0
      - ipykernel=4.8.2=py36_0
      - ipython=6.4.0=py36_0
      - ipython_genutils=0.2.0=py36_0
      - ipywidgets=7.2.1=py36_1
      - jedi=0.12.0=py36_0
      - jinja2=2.10=py36_0
      - jpeg=9b=2
      - jsonschema=2.6.0=py36_1
      - jupyter=1.0.0=py_1
      - jupyter_client=5.2.3=py36_0
      - jupyter_console=5.2.0=py36_0
      - jupyter_core=4.4.0=py_0
      - libffi=3.2.1=3
      - libpng=1.6.34=0
      - libsodium=1.0.16=0
      - libtiff=4.0.9=0
      - markupsafe=1.0=py36_0
      - mistune=0.8.3=py36_1
      - mkl=2018.0.3=1
      - mkl_fft=1.0.2=py36_0
      - mkl_random=1.0.1=py36_0
      - nbconvert=5.3.1=py_1
      - nbformat=4.4.0=py36_0
      - ncurses=5.9=10
      - ninja=1.8.2=h2d50403_1
      - notebook=5.5.0=py36_0
      - olefile=0.45.1=py36_0
      - openssl=1.0.2o=0
      - pandocfilters=1.4.2=py36_0
      - parso=0.2.1=py_0
      - pexpect=4.6.0=py36_0
      - pickleshare=0.7.4=py36_0
      - pip=9.0.3=py36_0
      - prompt_toolkit=1.0.15=py36_0
      - ptyprocess=0.5.2=py36_0
      - pycparser=2.18=py36_0
      - pygments=2.2.0=py36_0
      - pyqt=5.6.0=py36_5
      - python-dateutil=2.7.3=py_0
      - python=3.6.3=1
      - pyzmq=17.0.0=py36_4
      - qtconsole=4.3.1=py36_0
      - readline=6.2=0
      - send2trash=1.5.0=py_0
      - setuptools=39.2.0=py36_0
      - simplegeneric=0.8.1=py36_0
      - sip=4.18=py36_1
      - six=1.11.0=py36_1
      - socat=1.7.3.2=0
      - sqlite=3.13.0=1
      - terminado=0.8.1=py36_0
      - testpath=0.3.1=py36_0
      - tk=8.5.19=2
      - torchvision=0.2.1=py36_1
      - tornado=5.0.2=py36_0
      - traitlets=4.3.2=py36_0
      - wcwidth=0.1.7=py36_0
      - wheel=0.31.0=py36_0
      - widgetsnbextension=3.2.1=py36_0
      - xz=5.2.3=0
      - zeromq=4.2.5=1
      - zlib=1.2.11=h470a237_3
      linux-64:
      - cudatoolkit=8.0=3
      - dbus=1.13.0=h3a4f0e9_0
      - expat=2.2.5=0
      - fontconfig=2.12.1=4
      - freetype=2.7=1
      - gettext=0.19.8.1=0
      - glib=2.55.0=0
      - gmp=6.1.2=0
      - gst-plugins-base=1.8.0=0
      - gstreamer=1.8.0=1
      - libgcc-ng=7.2.0=hdf63c60_3
      - libgcc=7.2.0=h69d50b8_2
      - libgfortran-ng=7.2.0=hdf63c60_3
      - libiconv=1.15=0
      - libstdcxx-ng=7.2.0=hdf63c60_3
      - libxcb=1.13=0
      - libxml2=2.9.8=0
      - numpy=1.14.2=py36hdbf6ddf_1
      - pandoc=2.2.1=0
      - pcre=8.41=1
      - pillow=4.2.1=py36_0
      - pytorch=0.4.0=py36_cuda8.0.61_cudnn7.1.2_1
      - qt=5.6.2=3
      - webencodings=0.5=py36_0
      - xorg-libxau=1.0.8=3
      - xorg-libxdmcp=1.1.2=3
      osx-64:
      - appnope=0.1.0=py36_0
      - freetype=2.8.1=0
      - libgfortran=3.0.1=h93005f0_2
      - numpy=1.14.2=py36ha9ae307_1
      - pandoc=2.2.1=hde52d81_0
      - pillow=5.0.0=py36_0
      - pytorch=0.4.0=py36_cuda0.0_cudnn0.0_1
      - qt=5.6.2=h9e3eb04_4
      - webencodings=0.5.1=py36_0


